
Microsoft Visual Studio Solution File, Format Version 12.00
# Visual Studio Version 16
VisualStudioVersion = 16.0.29503.13
MinimumVisualStudioVersion = 10.0.40219.1
Project("{FAE04EC0-301F-11D3-BF4B-00C04F79EFBC}") = "FormatXmlFiles", "FormatXmlFiles\FormatXmlFiles.csproj", "{F6F9D7C6-796E-4CE3-BB85-F1C30DB65F6C}"
EndProject
Global
	GlobalSection(SolutionConfigurationPlatforms) = preSolution
		Debug|Any CPU = Debug|Any CPU
		Release|Any CPU = Release|Any CPU
	EndGlobalSection
	GlobalSection(ProjectConfigurationPlatforms) = postSolution
		{F6F9D7C6-796E-4CE3-BB85-F1C30DB65F6C}.Debug|Any CPU.ActiveCfg = Debug|Any CPU
		{F6F9D7C6-796E-4CE3-BB85-F1C30DB65F6C}.Debug|Any CPU.Build.0 = Debug|Any CPU
		{F6F9D7C6-796E-4CE3-BB85-F1C30DB65F6C}.Release|Any CPU.ActiveCfg = Release|Any CPU
		{F6F9D7C6-796E-4CE3-BB85-F1C30DB65F6C}.Release|Any CPU.Build.0 = Release|Any CPU
	EndGlobalSection
	GlobalSection(SolutionProperties) = preSolution
		HideSolutionNode = FALSE
	EndGlobalSection
	GlobalSection(ExtensibilityGlobals) = postSolution
		SolutionGuid = {3B41D21A-BA6D-4111-B391-2F52ABA87E74}
	EndGlobalSection
EndGlobal
